
Microsoft Visual Studio Solution File, Format Version 12.00
# Visual Studio Version 16
VisualStudioVersion = 16.0.30523.141
MinimumVisualStudioVersion = 10.0.40219.1
Project("{FAE04EC0-301F-11D3-BF4B-00C04F79EFBC}") = "AgainNewBot", "AgainNewBot\AgainNewBot.csproj", "{DF12612D-FB1E-4E0C-A43B-0A8829CCFABB}"
EndProject
Global
	GlobalSection(SolutionConfigurationPlatforms) = preSolution
		Debug|Any CPU = Debug|Any CPU
		Release|Any CPU = Release|Any CPU
	EndGlobalSection
	GlobalSection(ProjectConfigurationPlatforms) = postSolution
		{DF12612D-FB1E-4E0C-A43B-0A8829CCFABB}.Debug|Any CPU.ActiveCfg = Debug|Any CPU
		{DF12612D-FB1E-4E0C-A43B-0A8829CCFABB}.Debug|Any CPU.Build.0 = Debug|Any CPU
		{DF12612D-FB1E-4E0C-A43B-0A8829CCFABB}.Release|Any CPU.ActiveCfg = Release|Any CPU
		{DF12612D-FB1E-4E0C-A43B-0A8829CCFABB}.Release|Any CPU.Build.0 = Release|Any CPU
	EndGlobalSection
	GlobalSection(SolutionProperties) = preSolution
		HideSolutionNode = FALSE
	EndGlobalSection
	GlobalSection(ExtensibilityGlobals) = postSolution
		SolutionGuid = {EF049420-1B5A-4481-9CE5-54EDA5AEB650}
	EndGlobalSection
EndGlobal
